
Microsoft Visual Studio Solution File, Format Version 12.00
# Visual Studio 15
VisualStudioVersion = 15.0.28307.136
MinimumVisualStudioVersion = 10.0.40219.1
Project("{FAE04EC0-301F-11D3-BF4B-00C04F79EFBC}") = "CaptureScreen", "CaptureScreen\CaptureScreen.csproj", "{0F03AE8B-9F7F-4914-8E02-4C05D3440E25}"
EndProject
Global
	GlobalSection(SolutionConfigurationPlatforms) = preSolution
		Debug|Any CPU = Debug|Any CPU
		Release|Any CPU = Release|Any CPU
	EndGlobalSection
	GlobalSection(ProjectConfigurationPlatforms) = postSolution
		{0F03AE8B-9F7F-4914-8E02-4C05D3440E25}.Debug|Any CPU.ActiveCfg = Debug|Any CPU
		{0F03AE8B-9F7F-4914-8E02-4C05D3440E25}.Debug|Any CPU.Build.0 = Debug|Any CPU
		{0F03AE8B-9F7F-4914-8E02-4C05D3440E25}.Release|Any CPU.ActiveCfg = Release|Any CPU
		{0F03AE8B-9F7F-4914-8E02-4C05D3440E25}.Release|Any CPU.Build.0 = Release|Any CPU
	EndGlobalSection
	GlobalSection(SolutionProperties) = preSolution
		HideSolutionNode = FALSE
	EndGlobalSection
	GlobalSection(ExtensibilityGlobals) = postSolution
		SolutionGuid = {FBF87224-05EB-49B5-8F93-C7A9E6BFDFDD}
	EndGlobalSection
EndGlobal
